<?xml version="1.0" encoding="utf-8"?>
<Project ToolsVersion="4.0" xmlns="http://schemas.microsoft.com/developer/msbuild/2003">
  <ItemGroup>
    <ClCompile Include="Startup.cpp" />
    <ClCompile Include="BRZ_Window.cpp">
      <Filter>Core Modules</Filter>
    </ClCompile>
    <ClCompile Include="BRZ_Define.cpp" />
    <ClCompile Include="BRZ_Time.cpp">
      <Filter>Core Modules</Filter>
    </ClCompile>
    <ClCompile Include="BRZ_Coord2.cpp">
      <Filter>Core Modules\Math</Filter>
    </ClCompile>
    <ClCompile Include="BRZ_Vec2.cpp">
      <Filter>Core Modules\Math</Filter>
    </ClCompile>
    <ClCompile Include="BRZ_Colour.cpp">
      <Filter>Core Modules\Graphics</Filter>
    </ClCompile>
    <ClCompile Include="BRZ_RawElement.cpp">
      <Filter>Core Modules\Graphics</Filter>
    </ClCompile>
    <ClCompile Include="BRZ_LineElement.cpp">
      <Filter>Core Modules\Graphics</Filter>
    </ClCompile>
    <ClCompile Include="BRZ_Display.cpp">
      <Filter>Core Modules\Graphics</Filter>
    </ClCompile>
    <ClCompile Include="BRZ_LineTemplate.cpp">
      <Filter>Core Modules\Graphics</Filter>
    </ClCompile>
    <ClCompile Include="BRZ_RawGeometry.cpp">
      <Filter>Core Modules\Graphics</Filter>
    </ClCompile>
    <ClCompile Include="BRZ_LineObject.cpp">
      <Filter>Core Modules\Graphics</Filter>
    </ClCompile>
  </ItemGroup>
  <ItemGroup>
    <Filter Include="Core Modules">
      <UniqueIdentifier>{12f0c1c2-c4bd-4195-8ea4-ff6fafa226d7}</UniqueIdentifier>
    </Filter>
    <Filter Include="Core Modules\Graphics">
      <UniqueIdentifier>{023f0eee-9da9-4168-b0b7-3455730451db}</UniqueIdentifier>
    </Filter>
    <Filter Include="Core Modules\Math">
      <UniqueIdentifier>{cceb4f99-b89e-42a5-8aee-1f6978cf701f}</UniqueIdentifier>
    </Filter>
    <Filter Include="Core Modules\Scene">
      <UniqueIdentifier>{ea531aa7-c5e3-44ae-8d78-e0200a007568}</UniqueIdentifier>
    </Filter>
    <Filter Include="Shaders">
      <UniqueIdentifier>{ae81d167-db45-43cf-a975-2ac163dffa7a}</UniqueIdentifier>
    </Filter>
  </ItemGroup>
  <ItemGroup>
    <ClInclude Include="BRZ_Environment.h">
      <Filter>Core Modules</Filter>
    </ClInclude>
    <ClInclude Include="BRZ_Window.h">
      <Filter>Core Modules</Filter>
    </ClInclude>
    <ClInclude Include="BRZ_Define.h" />
    <ClInclude Include="BRZ_Time.h">
      <Filter>Core Modules</Filter>
    </ClInclude>
    <ClInclude Include="BRZ_Display.h">
      <Filter>Core Modules\Graphics</Filter>
    </ClInclude>
    <ClInclude Include="BRZ_Object.h">
      <Filter>Core Modules\Scene</Filter>
    </ClInclude>
    <ClInclude Include="BRZ_RawGeometry.h">
      <Filter>Core Modules\Graphics</Filter>
    </ClInclude>
    <ClInclude Include="BRZ_LineObject.h">
      <Filter>Core Modules\Graphics</Filter>
    </ClInclude>
    <ClInclude Include="BRZ_Vec2.h">
      <Filter>Core Modules\Math</Filter>
    </ClInclude>
    <ClInclude Include="BRZ_Coord2.h">
      <Filter>Core Modules\Math</Filter>
    </ClInclude>
    <ClInclude Include="BRZ_Colour.h">
      <Filter>Core Modules\Graphics</Filter>
    </ClInclude>
    <ClInclude Include="BRZ_RawElement.h">
      <Filter>Core Modules\Graphics</Filter>
    </ClInclude>
    <ClInclude Include="BRZ_LineElement.h">
      <Filter>Core Modules\Graphics</Filter>
    </ClInclude>
    <ClInclude Include="BRZ_LineTemplate.h">
      <Filter>Core Modules\Graphics</Filter>
    </ClInclude>
  </ItemGroup>
  <ItemGroup>
    <FxCompile Include="ps_default.fx">
      <Filter>Shaders</Filter>
    </FxCompile>
    <FxCompile Include="vs_default.fx">
      <Filter>Shaders</Filter>
    </FxCompile>
  </ItemGroup>
</Project>